
Microsoft Visual Studio Solution File, Format Version 12.00
# Visual Studio 15
VisualStudioVersion = 15.0.28307.1300
MinimumVisualStudioVersion = 10.0.40219.1
Project("{FAE04EC0-301F-11D3-BF4B-00C04F79EFBC}") = "winhiddump", "winhiddump.csproj", "{94D3D17D-81E3-4E93-A2D0-B11E781A7D85}"
EndProject
Global
	GlobalSection(SolutionConfigurationPlatforms) = preSolution
		Debug|Any CPU = Debug|Any CPU
		Release|Any CPU = Release|Any CPU
	EndGlobalSection
	GlobalSection(ProjectConfigurationPlatforms) = postSolution
		{94D3D17D-81E3-4E93-A2D0-B11E781A7D85}.Debug|Any CPU.ActiveCfg = Debug|Any CPU
		{94D3D17D-81E3-4E93-A2D0-B11E781A7D85}.Debug|Any CPU.Build.0 = Debug|Any CPU
		{94D3D17D-81E3-4E93-A2D0-B11E781A7D85}.Release|Any CPU.ActiveCfg = Release|Any CPU
		{94D3D17D-81E3-4E93-A2D0-B11E781A7D85}.Release|Any CPU.Build.0 = Release|Any CPU
	EndGlobalSection
	GlobalSection(SolutionProperties) = preSolution
		HideSolutionNode = FALSE
	EndGlobalSection
	GlobalSection(ExtensibilityGlobals) = postSolution
		SolutionGuid = {E2C4B5B9-3320-4927-AC49-9F310C4CF864}
	EndGlobalSection
EndGlobal
